// !$*UTF8*$!
{
	archiveVersion = 1;
	classes = {
	};
	objectVersion = 48;
	objects = {

/* Begin PBXBuildFile section */
		4F41DDB6201A4CAD00C032B9 /* AppDelegate.swift in Sources */ = {isa = PBXBuildFile; fileRef = 4F41DDB5201A4CAD00C032B9 /* AppDelegate.swift */; };
		4F41DDB8201A4CAD00C032B9 /* LoginViewController.swift in Sources */ = {isa = PBXBuildFile; fileRef = 4F41DDB7201A4CAD00C032B9 /* LoginViewController.swift */; };
		4F41DDBB201A4CAD00C032B9 /* Main.storyboard in Resources */ = {isa = PBXBuildFile; fileRef = 4F41DDB9201A4CAD00C032B9 /* Main.storyboard */; };
		4F41DDBD201A4CAD00C032B9 /* Assets.xcassets in Resources */ = {isa = PBXBuildFile; fileRef = 4F41DDBC201A4CAD00C032B9 /* Assets.xcassets */; };
		4F41DDC0201A4CAD00C032B9 /* LaunchScreen.storyboard in Resources */ = {isa = PBXBuildFile; fileRef = 4F41DDBE201A4CAD00C032B9 /* LaunchScreen.storyboard */; };
		4F451A7C201B23E4004DD063 /* ViewConstants.swift in Sources */ = {isa = PBXBuildFile; fileRef = 4F451A7B201B23E3004DD063 /* ViewConstants.swift */; };
		4F451A86201B4FCF004DD063 /* TextFields.swift in Sources */ = {isa = PBXBuildFile; fileRef = 4F451A85201B4FCF004DD063 /* TextFields.swift */; };
		4F451A8B201F0E13004DD063 /* DateUtils.swift in Sources */ = {isa = PBXBuildFile; fileRef = 4F451A8A201F0E13004DD063 /* DateUtils.swift */; };
		4F451A8D201F4ED6004DD063 /* GCDBlackBox.swift in Sources */ = {isa = PBXBuildFile; fileRef = 4F451A8C201F4ED6004DD063 /* GCDBlackBox.swift */; };
		4F451A8F201F5103004DD063 /* Alerts.swift in Sources */ = {isa = PBXBuildFile; fileRef = 4F451A8E201F5103004DD063 /* Alerts.swift */; };
		4F530C342021D40400A00196 /* HTTPStatusCodes.swift in Sources */ = {isa = PBXBuildFile; fileRef = 4F530C332021D40400A00196 /* HTTPStatusCodes.swift */; };
		4F530C402021E29100A00196 /* UdacityClientUtils.swift in Sources */ = {isa = PBXBuildFile; fileRef = 4F530C3C2021E29000A00196 /* UdacityClientUtils.swift */; };
		4F530C412021E29100A00196 /* UdacityConvenience.swift in Sources */ = {isa = PBXBuildFile; fileRef = 4F530C3D2021E29000A00196 /* UdacityConvenience.swift */; };
		4F530C422021E29100A00196 /* UdacityClient.swift in Sources */ = {isa = PBXBuildFile; fileRef = 4F530C3E2021E29000A00196 /* UdacityClient.swift */; };
		4F530C432021E29100A00196 /* UdacityConstants.swift in Sources */ = {isa = PBXBuildFile; fileRef = 4F530C3F2021E29100A00196 /* UdacityConstants.swift */; };
		4F530C462021E2AA00A00196 /* ParseClient.swift in Sources */ = {isa = PBXBuildFile; fileRef = 4F530C442021E2AA00A00196 /* ParseClient.swift */; };
		4F530C472021E2AA00A00196 /* ParseConstants.swift in Sources */ = {isa = PBXBuildFile; fileRef = 4F530C452021E2AA00A00196 /* ParseConstants.swift */; };
		4F530C492021E2D400A00196 /* StudentLocation.swift in Sources */ = {isa = PBXBuildFile; fileRef = 4F530C482021E2D400A00196 /* StudentLocation.swift */; };
		4F530C4B2021F48600A00196 /* RequestUtils.swift in Sources */ = {isa = PBXBuildFile; fileRef = 4F530C4A2021F48600A00196 /* RequestUtils.swift */; };
		4F530C4D2022111E00A00196 /* ParseConvenience.swift in Sources */ = {isa = PBXBuildFile; fileRef = 4F530C4C2022111E00A00196 /* ParseConvenience.swift */; };
		4F66EE4020208A56008CD707 /* Styles.swift in Sources */ = {isa = PBXBuildFile; fileRef = 4F66EE3F20208A56008CD707 /* Styles.swift */; };
		4F66EE462020DE0C008CD707 /* MapAndTableController.swift in Sources */ = {isa = PBXBuildFile; fileRef = 4F66EE452020DE0C008CD707 /* MapAndTableController.swift */; };
/* End PBXBuildFile section */

/* Begin PBXFileReference section */
		4F41DDB2201A4CAD00C032B9 /* OnTheMap.app */ = {isa = PBXFileReference; explicitFileType = wrapper.application; includeInIndex = 0; path = OnTheMap.app; sourceTree = BUILT_PRODUCTS_DIR; };
		4F41DDB5201A4CAD00C032B9 /* AppDelegate.swift */ = {isa = PBXFileReference; lastKnownFileType = sourcecode.swift; path = AppDelegate.swift; sourceTree = "<group>"; };
		4F41DDB7201A4CAD00C032B9 /* LoginViewController.swift */ = {isa = PBXFileReference; lastKnownFileType = sourcecode.swift; path = LoginViewController.swift; sourceTree = "<group>"; };
		4F41DDBA201A4CAD00C032B9 /* Base */ = {isa = PBXFileReference; lastKnownFileType = file.storyboard; name = Base; path = Base.lproj/Main.storyboard; sourceTree = "<group>"; };
		4F41DDBC201A4CAD00C032B9 /* Assets.xcassets */ = {isa = PBXFileReference; lastKnownFileType = folder.assetcatalog; path = Assets.xcassets; sourceTree = "<group>"; };
		4F41DDBF201A4CAD00C032B9 /* Base */ = {isa = PBXFileReference; lastKnownFileType = file.storyboard; name = Base; path = Base.lproj/LaunchScreen.storyboard; sourceTree = "<group>"; };
		4F41DDC1201A4CAD00C032B9 /* Info.plist */ = {isa = PBXFileReference; lastKnownFileType = text.plist.xml; path = Info.plist; sourceTree = "<group>"; };
		4F451A7B201B23E3004DD063 /* ViewConstants.swift */ = {isa = PBXFileReference; lastKnownFileType = sourcecode.swift; path = ViewConstants.swift; sourceTree = "<group>"; };
		4F451A85201B4FCF004DD063 /* TextFields.swift */ = {isa = PBXFileReference; lastKnownFileType = sourcecode.swift; path = TextFields.swift; sourceTree = "<group>"; };
		4F451A8A201F0E13004DD063 /* DateUtils.swift */ = {isa = PBXFileReference; lastKnownFileType = sourcecode.swift; path = DateUtils.swift; sourceTree = "<group>"; };
		4F451A8C201F4ED6004DD063 /* GCDBlackBox.swift */ = {isa = PBXFileReference; lastKnownFileType = sourcecode.swift; path = GCDBlackBox.swift; sourceTree = "<group>"; };
		4F451A8E201F5103004DD063 /* Alerts.swift */ = {isa = PBXFileReference; lastKnownFileType = sourcecode.swift; path = Alerts.swift; sourceTree = "<group>"; };
		4F530C332021D40400A00196 /* HTTPStatusCodes.swift */ = {isa = PBXFileReference; fileEncoding = 4; lastKnownFileType = sourcecode.swift; path = HTTPStatusCodes.swift; sourceTree = "<group>"; };
		4F530C3C2021E29000A00196 /* UdacityClientUtils.swift */ = {isa = PBXFileReference; fileEncoding = 4; lastKnownFileType = sourcecode.swift; path = UdacityClientUtils.swift; sourceTree = "<group>"; };
		4F530C3D2021E29000A00196 /* UdacityConvenience.swift */ = {isa = PBXFileReference; fileEncoding = 4; lastKnownFileType = sourcecode.swift; path = UdacityConvenience.swift; sourceTree = "<group>"; };
		4F530C3E2021E29000A00196 /* UdacityClient.swift */ = {isa = PBXFileReference; fileEncoding = 4; lastKnownFileType = sourcecode.swift; path = UdacityClient.swift; sourceTree = "<group>"; };
		4F530C3F2021E29100A00196 /* UdacityConstants.swift */ = {isa = PBXFileReference; fileEncoding = 4; lastKnownFileType = sourcecode.swift; path = UdacityConstants.swift; sourceTree = "<group>"; };
		4F530C442021E2AA00A00196 /* ParseClient.swift */ = {isa = PBXFileReference; fileEncoding = 4; lastKnownFileType = sourcecode.swift; path = ParseClient.swift; sourceTree = "<group>"; };
		4F530C452021E2AA00A00196 /* ParseConstants.swift */ = {isa = PBXFileReference; fileEncoding = 4; lastKnownFileType = sourcecode.swift; path = ParseConstants.swift; sourceTree = "<group>"; };
		4F530C482021E2D400A00196 /* StudentLocation.swift */ = {isa = PBXFileReference; lastKnownFileType = sourcecode.swift; path = StudentLocation.swift; sourceTree = "<group>"; };
		4F530C4A2021F48600A00196 /* RequestUtils.swift */ = {isa = PBXFileReference; lastKnownFileType = sourcecode.swift; path = RequestUtils.swift; sourceTree = "<group>"; };
		4F530C4C2022111E00A00196 /* ParseConvenience.swift */ = {isa = PBXFileReference; lastKnownFileType = sourcecode.swift; path = ParseConvenience.swift; sourceTree = "<group>"; };
		4F66EE3F20208A56008CD707 /* Styles.swift */ = {isa = PBXFileReference; lastKnownFileType = sourcecode.swift; path = Styles.swift; sourceTree = "<group>"; };
		4F66EE452020DE0C008CD707 /* MapAndTableController.swift */ = {isa = PBXFileReference; lastKnownFileType = sourcecode.swift; path = MapAndTableController.swift; sourceTree = "<group>"; };
/* End PBXFileReference section */

/* Begin PBXFrameworksBuildPhase section */
		4F41DDAF201A4CAD00C032B9 /* Frameworks */ = {
			isa = PBXFrameworksBuildPhase;
			buildActionMask = 2147483647;
			files = (
			);
			runOnlyForDeploymentPostprocessing = 0;
		};
/* End PBXFrameworksBuildPhase section */

/* Begin PBXGroup section */
		4F41DDA9201A4CAD00C032B9 = {
			isa = PBXGroup;
			children = (
				4F41DDB4201A4CAD00C032B9 /* OnTheMap */,
				4F41DDB3201A4CAD00C032B9 /* Products */,
			);
			sourceTree = "<group>";
		};
		4F41DDB3201A4CAD00C032B9 /* Products */ = {
			isa = PBXGroup;
			children = (
				4F41DDB2201A4CAD00C032B9 /* OnTheMap.app */,
			);
			name = Products;
			sourceTree = "<group>";
		};
		4F41DDB4201A4CAD00C032B9 /* OnTheMap */ = {
			isa = PBXGroup;
			children = (
				4F451A89201F0DFC004DD063 /* Utils */,
				4F451A84201B4FA1004DD063 /* ViewDelegates */,
				4F451A7D201B3E92004DD063 /* Model */,
				4F451A7A201B23C6004DD063 /* View */,
				4F41DDC7201A4D6500C032B9 /* Assets */,
				4F41DDB5201A4CAD00C032B9 /* AppDelegate.swift */,
				4F41DDB7201A4CAD00C032B9 /* LoginViewController.swift */,
				4F41DDC1201A4CAD00C032B9 /* Info.plist */,
				4F66EE452020DE0C008CD707 /* MapAndTableController.swift */,
			);
			path = OnTheMap;
			sourceTree = "<group>";
		};
		4F41DDC7201A4D6500C032B9 /* Assets */ = {
			isa = PBXGroup;
			children = (
				4F41DDB9201A4CAD00C032B9 /* Main.storyboard */,
				4F41DDBE201A4CAD00C032B9 /* LaunchScreen.storyboard */,
				4F41DDBC201A4CAD00C032B9 /* Assets.xcassets */,
			);
			path = Assets;
			sourceTree = "<group>";
		};
		4F451A7A201B23C6004DD063 /* View */ = {
			isa = PBXGroup;
			children = (
				4F451A7B201B23E3004DD063 /* ViewConstants.swift */,
				4F451A8E201F5103004DD063 /* Alerts.swift */,
				4F66EE3F20208A56008CD707 /* Styles.swift */,
			);
			path = View;
			sourceTree = "<group>";
		};
		4F451A7D201B3E92004DD063 /* Model */ = {
			isa = PBXGroup;
			children = (
				4F530C332021D40400A00196 /* HTTPStatusCodes.swift */,
				4F451A7E201B3E9E004DD063 /* Clients */,
			);
			path = Model;
			sourceTree = "<group>";
		};
		4F451A7E201B3E9E004DD063 /* Clients */ = {
			isa = PBXGroup;
			children = (
				4F530C352021E13800A00196 /* Parse */,
				4F451A7F201B3EAC004DD063 /* Udacity */,
				4F530C4A2021F48600A00196 /* RequestUtils.swift */,
			);
			path = Clients;
			sourceTree = "<group>";
		};
		4F451A7F201B3EAC004DD063 /* Udacity */ = {
			isa = PBXGroup;
			children = (
				4F530C3E2021E29000A00196 /* UdacityClient.swift */,
				4F530C3C2021E29000A00196 /* UdacityClientUtils.swift */,
				4F530C3F2021E29100A00196 /* UdacityConstants.swift */,
				4F530C3D2021E29000A00196 /* UdacityConvenience.swift */,
			);
			path = Udacity;
			sourceTree = "<group>";
		};
		4F451A84201B4FA1004DD063 /* ViewDelegates */ = {
			isa = PBXGroup;
			children = (
				4F451A85201B4FCF004DD063 /* TextFields.swift */,
			);
			path = ViewDelegates;
			sourceTree = "<group>";
		};
		4F451A89201F0DFC004DD063 /* Utils */ = {
			isa = PBXGroup;
			children = (
				4F451A8A201F0E13004DD063 /* DateUtils.swift */,
				4F451A8C201F4ED6004DD063 /* GCDBlackBox.swift */,
			);
			path = Utils;
			sourceTree = "<group>";
		};
		4F530C352021E13800A00196 /* Parse */ = {
			isa = PBXGroup;
			children = (
				4F530C442021E2AA00A00196 /* ParseClient.swift */,
				4F530C452021E2AA00A00196 /* ParseConstants.swift */,
				4F530C482021E2D400A00196 /* StudentLocation.swift */,
				4F530C4C2022111E00A00196 /* ParseConvenience.swift */,
			);
			path = Parse;
			sourceTree = "<group>";
		};
/* End PBXGroup section */

/* Begin PBXNativeTarget section */
		4F41DDB1201A4CAD00C032B9 /* OnTheMap */ = {
			isa = PBXNativeTarget;
			buildConfigurationList = 4F41DDC4201A4CAD00C032B9 /* Build configuration list for PBXNativeTarget "OnTheMap" */;
			buildPhases = (
				4F41DDAE201A4CAD00C032B9 /* Sources */,
				4F41DDAF201A4CAD00C032B9 /* Frameworks */,
				4F41DDB0201A4CAD00C032B9 /* Resources */,
			);
			buildRules = (
			);
			dependencies = (
			);
			name = OnTheMap;
			productName = OnTheMap;
			productReference = 4F41DDB2201A4CAD00C032B9 /* OnTheMap.app */;
			productType = "com.apple.product-type.application";
		};
/* End PBXNativeTarget section */

/* Begin PBXProject section */
		4F41DDAA201A4CAD00C032B9 /* Project object */ = {
			isa = PBXProject;
			attributes = {
				LastSwiftUpdateCheck = 0920;
				LastUpgradeCheck = 0920;
				ORGANIZATIONNAME = Maro;
				TargetAttributes = {
					4F41DDB1201A4CAD00C032B9 = {
						CreatedOnToolsVersion = 9.2;
						ProvisioningStyle = Automatic;
					};
				};
			};
			buildConfigurationList = 4F41DDAD201A4CAD00C032B9 /* Build configuration list for PBXProject "OnTheMap" */;
			compatibilityVersion = "Xcode 8.0";
			developmentRegion = en;
			hasScannedForEncodings = 0;
			knownRegions = (
				en,
				Base,
			);
			mainGroup = 4F41DDA9201A4CAD00C032B9;
			productRefGroup = 4F41DDB3201A4CAD00C032B9 /* Products */;
			projectDirPath = "";
			projectRoot = "";
			targets = (
				4F41DDB1201A4CAD00C032B9 /* OnTheMap */,
			);
		};
/* End PBXProject section */

/* Begin PBXResourcesBuildPhase section */
		4F41DDB0201A4CAD00C032B9 /* Resources */ = {
			isa = PBXResourcesBuildPhase;
			buildActionMask = 2147483647;
			files = (
				4F41DDC0201A4CAD00C032B9 /* LaunchScreen.storyboard in Resources */,
				4F41DDBD201A4CAD00C032B9 /* Assets.xcassets in Resources */,
				4F41DDBB201A4CAD00C032B9 /* Main.storyboard in Resources */,
			);
			runOnlyForDeploymentPostprocessing = 0;
		};
/* End PBXResourcesBuildPhase section */

/* Begin PBXSourcesBuildPhase section */
		4F41DDAE201A4CAD00C032B9 /* Sources */ = {
			isa = PBXSourcesBuildPhase;
			buildActionMask = 2147483647;
			files = (
				4F530C422021E29100A00196 /* UdacityClient.swift in Sources */,
				4F530C432021E29100A00196 /* UdacityConstants.swift in Sources */,
				4F530C342021D40400A00196 /* HTTPStatusCodes.swift in Sources */,
				4F66EE4020208A56008CD707 /* Styles.swift in Sources */,
				4F451A8B201F0E13004DD063 /* DateUtils.swift in Sources */,
				4F451A7C201B23E4004DD063 /* ViewConstants.swift in Sources */,
				4F530C462021E2AA00A00196 /* ParseClient.swift in Sources */,
				4F530C492021E2D400A00196 /* StudentLocation.swift in Sources */,
				4F530C472021E2AA00A00196 /* ParseConstants.swift in Sources */,
				4F530C4D2022111E00A00196 /* ParseConvenience.swift in Sources */,
				4F451A8F201F5103004DD063 /* Alerts.swift in Sources */,
				4F451A8D201F4ED6004DD063 /* GCDBlackBox.swift in Sources */,
				4F41DDB8201A4CAD00C032B9 /* LoginViewController.swift in Sources */,
				4F41DDB6201A4CAD00C032B9 /* AppDelegate.swift in Sources */,
				4F530C402021E29100A00196 /* UdacityClientUtils.swift in Sources */,
				4F66EE462020DE0C008CD707 /* MapAndTableController.swift in Sources */,
				4F530C4B2021F48600A00196 /* RequestUtils.swift in Sources */,
				4F451A86201B4FCF004DD063 /* TextFields.swift in Sources */,
				4F530C412021E29100A00196 /* UdacityConvenience.swift in Sources */,
			);
			runOnlyForDeploymentPostprocessing = 0;
		};
/* End PBXSourcesBuildPhase section */

/* Begin PBXVariantGroup section */
		4F41DDB9201A4CAD00C032B9 /* Main.storyboard */ = {
			isa = PBXVariantGroup;
			children = (
				4F41DDBA201A4CAD00C032B9 /* Base */,
			);
			name = Main.storyboard;
			sourceTree = "<group>";
		};
		4F41DDBE201A4CAD00C032B9 /* LaunchScreen.storyboard */ = {
			isa = PBXVariantGroup;
			children = (
				4F41DDBF201A4CAD00C032B9 /* Base */,
			);
			name = LaunchScreen.storyboard;
			sourceTree = "<group>";
		};
/* End PBXVariantGroup section */

/* Begin XCBuildConfiguration section */
		4F41DDC2201A4CAD00C032B9 /* Debug */ = {
			isa = XCBuildConfiguration;
			buildSettings = {
				ALWAYS_SEARCH_USER_PATHS = NO;
				CLANG_ANALYZER_NONNULL = YES;
				CLANG_ANALYZER_NUMBER_OBJECT_CONVERSION = YES_AGGRESSIVE;
				CLANG_CXX_LANGUAGE_STANDARD = "gnu++14";
				CLANG_CXX_LIBRARY = "libc++";
				CLANG_ENABLE_MODULES = YES;
				CLANG_ENABLE_OBJC_ARC = YES;
				CLANG_WARN_BLOCK_CAPTURE_AUTORELEASING = YES;
				CLANG_WARN_BOOL_CONVERSION = YES;
				CLANG_WARN_COMMA = YES;
				CLANG_WARN_CONSTANT_CONVERSION = YES;
				CLANG_WARN_DIRECT_OBJC_ISA_USAGE = YES_ERROR;
				CLANG_WARN_DOCUMENTATION_COMMENTS = YES;
				CLANG_WARN_EMPTY_BODY = YES;
				CLANG_WARN_ENUM_CONVERSION = YES;
				CLANG_WARN_INFINITE_RECURSION = YES;
				CLANG_WARN_INT_CONVERSION = YES;
				CLANG_WARN_NON_LITERAL_NULL_CONVERSION = YES;
				CLANG_WARN_OBJC_LITERAL_CONVERSION = YES;
				CLANG_WARN_OBJC_ROOT_CLASS = YES_ERROR;
				CLANG_WARN_RANGE_LOOP_ANALYSIS = YES;
				CLANG_WARN_STRICT_PROTOTYPES = YES;
				CLANG_WARN_SUSPICIOUS_MOVE = YES;
				CLANG_WARN_UNGUARDED_AVAILABILITY = YES_AGGRESSIVE;
				CLANG_WARN_UNREACHABLE_CODE = YES;
				CLANG_WARN__DUPLICATE_METHOD_MATCH = YES;
				CODE_SIGN_IDENTITY = "iPhone Developer";
				COPY_PHASE_STRIP = NO;
				DEBUG_INFORMATION_FORMAT = dwarf;
				ENABLE_STRICT_OBJC_MSGSEND = YES;
				ENABLE_TESTABILITY = YES;
				GCC_C_LANGUAGE_STANDARD = gnu11;
				GCC_DYNAMIC_NO_PIC = NO;
				GCC_NO_COMMON_BLOCKS = YES;
				GCC_OPTIMIZATION_LEVEL = 0;
				GCC_PREPROCESSOR_DEFINITIONS = (
					"DEBUG=1",
					"$(inherited)",
				);
				GCC_WARN_64_TO_32_BIT_CONVERSION = YES;
				GCC_WARN_ABOUT_RETURN_TYPE = YES_ERROR;
				GCC_WARN_UNDECLARED_SELECTOR = YES;
				GCC_WARN_UNINITIALIZED_AUTOS = YES_AGGRESSIVE;
				GCC_WARN_UNUSED_FUNCTION = YES;
				GCC_WARN_UNUSED_VARIABLE = YES;
				IPHONEOS_DEPLOYMENT_TARGET = 9.3;
				MTL_ENABLE_DEBUG_INFO = YES;
				ONLY_ACTIVE_ARCH = YES;
				SDKROOT = iphoneos;
				SWIFT_ACTIVE_COMPILATION_CONDITIONS = DEBUG;
				SWIFT_OPTIMIZATION_LEVEL = "-Onone";
			};
			name = Debug;
		};
		4F41DDC3201A4CAD00C032B9 /* Release */ = {
			isa = XCBuildConfiguration;
			buildSettings = {
				ALWAYS_SEARCH_USER_PATHS = NO;
				CLANG_ANALYZER_NONNULL = YES;
				CLANG_ANALYZER_NUMBER_OBJECT_CONVERSION = YES_AGGRESSIVE;
				CLANG_CXX_LANGUAGE_STANDARD = "gnu++14";
				CLANG_CXX_LIBRARY = "libc++";
				CLANG_ENABLE_MODULES = YES;
				CLANG_ENABLE_OBJC_ARC = YES;
				CLANG_WARN_BLOCK_CAPTURE_AUTORELEASING = YES;
				CLANG_WARN_BOOL_CONVERSION = YES;
				CLANG_WARN_COMMA = YES;
				CLANG_WARN_CONSTANT_CONVERSION = YES;
				CLANG_WARN_DIRECT_OBJC_ISA_USAGE = YES_ERROR;
				CLANG_WARN_DOCUMENTATION_COMMENTS = YES;
				CLANG_WARN_EMPTY_BODY = YES;
				CLANG_WARN_ENUM_CONVERSION = YES;
				CLANG_WARN_INFINITE_RECURSION = YES;
				CLANG_WARN_INT_CONVERSION = YES;
				CLANG_WARN_NON_LITERAL_NULL_CONVERSION = YES;
				CLANG_WARN_OBJC_LITERAL_CONVERSION = YES;
				CLANG_WARN_OBJC_ROOT_CLASS = YES_ERROR;
				CLANG_WARN_RANGE_LOOP_ANALYSIS = YES;
				CLANG_WARN_STRICT_PROTOTYPES = YES;
				CLANG_WARN_SUSPICIOUS_MOVE = YES;
				CLANG_WARN_UNGUARDED_AVAILABILITY = YES_AGGRESSIVE;
				CLANG_WARN_UNREACHABLE_CODE = YES;
				CLANG_WARN__DUPLICATE_METHOD_MATCH = YES;
				CODE_SIGN_IDENTITY = "iPhone Developer";
				COPY_PHASE_STRIP = NO;
				DEBUG_INFORMATION_FORMAT = "dwarf-with-dsym";
				ENABLE_NS_ASSERTIONS = NO;
				ENABLE_STRICT_OBJC_MSGSEND = YES;
				GCC_C_LANGUAGE_STANDARD = gnu11;
				GCC_NO_COMMON_BLOCKS = YES;
				GCC_WARN_64_TO_32_BIT_CONVERSION = YES;
				GCC_WARN_ABOUT_RETURN_TYPE = YES_ERROR;
				GCC_WARN_UNDECLARED_SELECTOR = YES;
				GCC_WARN_UNINITIALIZED_AUTOS = YES_AGGRESSIVE;
				GCC_WARN_UNUSED_FUNCTION = YES;
				GCC_WARN_UNUSED_VARIABLE = YES;
				IPHONEOS_DEPLOYMENT_TARGET = 9.3;
				MTL_ENABLE_DEBUG_INFO = NO;
				SDKROOT = iphoneos;
				SWIFT_OPTIMIZATION_LEVEL = "-Owholemodule";
				VALIDATE_PRODUCT = YES;
			};
			name = Release;
		};
		4F41DDC5201A4CAD00C032B9 /* Debug */ = {
			isa = XCBuildConfiguration;
			buildSettings = {
				ASSETCATALOG_COMPILER_APPICON_NAME = AppIcon;
				CODE_SIGN_STYLE = Automatic;
				INFOPLIST_FILE = OnTheMap/Info.plist;
				LD_RUNPATH_SEARCH_PATHS = "$(inherited) @executable_path/Frameworks";
				PRODUCT_BUNDLE_IDENTIFIER = como.maro.OnTheMap.OnTheMap;
				PRODUCT_NAME = "$(TARGET_NAME)";
				SWIFT_VERSION = 4.0;
				TARGETED_DEVICE_FAMILY = "1,2";
			};
			name = Debug;
		};
		4F41DDC6201A4CAD00C032B9 /* Release */ = {
			isa = XCBuildConfiguration;
			buildSettings = {
				ASSETCATALOG_COMPILER_APPICON_NAME = AppIcon;
				CODE_SIGN_STYLE = Automatic;
				INFOPLIST_FILE = OnTheMap/Info.plist;
				LD_RUNPATH_SEARCH_PATHS = "$(inherited) @executable_path/Frameworks";
				PRODUCT_BUNDLE_IDENTIFIER = como.maro.OnTheMap.OnTheMap;
				PRODUCT_NAME = "$(TARGET_NAME)";
				SWIFT_VERSION = 4.0;
				TARGETED_DEVICE_FAMILY = "1,2";
			};
			name = Release;
		};
/* End XCBuildConfiguration section */

/* Begin XCConfigurationList section */
		4F41DDAD201A4CAD00C032B9 /* Build configuration list for PBXProject "OnTheMap" */ = {
			isa = XCConfigurationList;
			buildConfigurations = (
				4F41DDC2201A4CAD00C032B9 /* Debug */,
				4F41DDC3201A4CAD00C032B9 /* Release */,
			);
			defaultConfigurationIsVisible = 0;
			defaultConfigurationName = Release;
		};
		4F41DDC4201A4CAD00C032B9 /* Build configuration list for PBXNativeTarget "OnTheMap" */ = {
			isa = XCConfigurationList;
			buildConfigurations = (
				4F41DDC5201A4CAD00C032B9 /* Debug */,
				4F41DDC6201A4CAD00C032B9 /* Release */,
			);
			defaultConfigurationIsVisible = 0;
			defaultConfigurationName = Release;
		};
/* End XCConfigurationList section */
	};
	rootObject = 4F41DDAA201A4CAD00C032B9 /* Project object */;
}
